{
  "name": "vscode-irc",
  "version": "1.0.0",
  "lockfileVersion": 1,
  "requires": true,
  "dependencies": {
    "bluebird": {
      "version": "3.5.1",
      "resolved": "https://registry.npmjs.org/bluebird/-/bluebird-3.5.1.tgz",
      "integrity": "sha512-MKiLiV+I1AA596t9w1sQJ8jkiSr5+ZKi0WKrYGUn6d1Fx+Ij4tIj+m2WMQSGczs5jZVxV339chE8iwk6F64wjA=="
    },
    "irc-socket": {
      "version": "3.0.8",
      "resolved": "https://registry.npmjs.org/irc-socket/-/irc-socket-3.0.8.tgz",
      "integrity": "sha1-zz/XidDf9oP3z69rqk0z1y8FJZY=",
      "requires": {
        "bluebird": "3.5.1",
        "r-result": "1.5.1"
      }
    },
    "net": {
      "version": "1.0.2",
      "resolved": "https://registry.npmjs.org/net/-/net-1.0.2.tgz",
      "integrity": "sha1-0XV+yaf7I3HYPPR1XOPifhCCk4g="
    },
    "node-fetch": {
      "version": "2.1.2",
      "resolved": "https://registry.npmjs.org/node-fetch/-/node-fetch-2.1.2.tgz",
      "integrity": "sha1-q4hOjn5X44qUR1POxwb3iNF2i7U="
    },
    "r-result": {
      "version": "1.5.1",
      "resolved": "https://registry.npmjs.org/r-result/-/r-result-1.5.1.tgz",
      "integrity": "sha1-do2aBtuHktg43W97J+14Y/DLDS0="
    }
  }
}
